
Microsoft Visual Studio Solution File, Format Version 12.00
# Visual Studio Version 17
VisualStudioVersion = 17.6.33815.320
MinimumVisualStudioVersion = 10.0.40219.1
Project("{FAE04EC0-301F-11D3-BF4B-00C04F79EFBC}") = "Task_2", "Task_2.csproj", "{840417C3-09A9-4D9D-9AE5-FAF097BF4657}"
EndProject
Global
	GlobalSection(SolutionConfigurationPlatforms) = preSolution
		Debug|Any CPU = Debug|Any CPU
		Release|Any CPU = Release|Any CPU
	EndGlobalSection
	GlobalSection(ProjectConfigurationPlatforms) = postSolution
		{840417C3-09A9-4D9D-9AE5-FAF097BF4657}.Debug|Any CPU.ActiveCfg = Debug|Any CPU
		{840417C3-09A9-4D9D-9AE5-FAF097BF4657}.Debug|Any CPU.Build.0 = Debug|Any CPU
		{840417C3-09A9-4D9D-9AE5-FAF097BF4657}.Release|Any CPU.ActiveCfg = Release|Any CPU
		{840417C3-09A9-4D9D-9AE5-FAF097BF4657}.Release|Any CPU.Build.0 = Release|Any CPU
	EndGlobalSection
	GlobalSection(SolutionProperties) = preSolution
		HideSolutionNode = FALSE
	EndGlobalSection
	GlobalSection(ExtensibilityGlobals) = postSolution
		SolutionGuid = {8296A5F8-5AC0-4199-BA03-2CD653B1C56B}
	EndGlobalSection
EndGlobal
