
Microsoft Visual Studio Solution File, Format Version 12.00
# Visual Studio Version 17
VisualStudioVersion = 17.6.33815.320
MinimumVisualStudioVersion = 10.0.40219.1
Project("{FAE04EC0-301F-11D3-BF4B-00C04F79EFBC}") = "MythAndLegends", "MythAndLegends.csproj", "{79304C78-92E9-4019-830D-2DC0F810E378}"
EndProject
Global
	GlobalSection(SolutionConfigurationPlatforms) = preSolution
		Debug|Any CPU = Debug|Any CPU
		Release|Any CPU = Release|Any CPU
	EndGlobalSection
	GlobalSection(ProjectConfigurationPlatforms) = postSolution
		{79304C78-92E9-4019-830D-2DC0F810E378}.Debug|Any CPU.ActiveCfg = Debug|Any CPU
		{79304C78-92E9-4019-830D-2DC0F810E378}.Debug|Any CPU.Build.0 = Debug|Any CPU
		{79304C78-92E9-4019-830D-2DC0F810E378}.Release|Any CPU.ActiveCfg = Release|Any CPU
		{79304C78-92E9-4019-830D-2DC0F810E378}.Release|Any CPU.Build.0 = Release|Any CPU
	EndGlobalSection
	GlobalSection(SolutionProperties) = preSolution
		HideSolutionNode = FALSE
	EndGlobalSection
	GlobalSection(ExtensibilityGlobals) = postSolution
		SolutionGuid = {08CD6F86-9E53-4912-8CA4-8E9C7B637C97}
	EndGlobalSection
EndGlobal
