
Microsoft Visual Studio Solution File, Format Version 12.00
# Visual Studio Version 17
VisualStudioVersion = 17.6.33815.320
MinimumVisualStudioVersion = 10.0.40219.1
Project("{FAE04EC0-301F-11D3-BF4B-00C04F79EFBC}") = "Task_3", "Task_3.csproj", "{3EA17199-A18F-4BA8-9F2E-AE66C82CAF08}"
EndProject
Global
	GlobalSection(SolutionConfigurationPlatforms) = preSolution
		Debug|Any CPU = Debug|Any CPU
		Release|Any CPU = Release|Any CPU
	EndGlobalSection
	GlobalSection(ProjectConfigurationPlatforms) = postSolution
		{3EA17199-A18F-4BA8-9F2E-AE66C82CAF08}.Debug|Any CPU.ActiveCfg = Debug|Any CPU
		{3EA17199-A18F-4BA8-9F2E-AE66C82CAF08}.Debug|Any CPU.Build.0 = Debug|Any CPU
		{3EA17199-A18F-4BA8-9F2E-AE66C82CAF08}.Release|Any CPU.ActiveCfg = Release|Any CPU
		{3EA17199-A18F-4BA8-9F2E-AE66C82CAF08}.Release|Any CPU.Build.0 = Release|Any CPU
	EndGlobalSection
	GlobalSection(SolutionProperties) = preSolution
		HideSolutionNode = FALSE
	EndGlobalSection
	GlobalSection(ExtensibilityGlobals) = postSolution
		SolutionGuid = {170E4A8F-D95A-4633-A52B-C5EF558D881F}
	EndGlobalSection
EndGlobal
